// !$*UTF8*$!
{
	archiveVersion = 1;
	classes = {
	};
	objectVersion = 51;
	objects = {

/* Begin PBXBuildFile section */
		3D86BC5422841226006A6657 /* AddPhotoStoryboard.storyboard in Resources */ = {isa = PBXBuildFile; fileRef = 3D86BC5322841226006A6657 /* AddPhotoStoryboard.storyboard */; };
		3D86BC562284325F006A6657 /* Authenticate.storyboard in Resources */ = {isa = PBXBuildFile; fileRef = 3D86BC552284325F006A6657 /* Authenticate.storyboard */; };
		3D86BC5822843941006A6657 /* AuthenticationViewController.swift in Sources */ = {isa = PBXBuildFile; fileRef = 3D86BC5722843941006A6657 /* AuthenticationViewController.swift */; };
		3D90632122438152007ED6B7 /* Main.storyboard in Resources */ = {isa = PBXBuildFile; fileRef = 3D90631F22438152007ED6B7 /* Main.storyboard */; };
		3D90632622438153007ED6B7 /* LaunchScreen.storyboard in Resources */ = {isa = PBXBuildFile; fileRef = 3D90632422438153007ED6B7 /* LaunchScreen.storyboard */; };
		3D916AF3224CC3E100F2611A /* MyTableViewController.swift in Sources */ = {isa = PBXBuildFile; fileRef = 3D916AF2224CC3E100F2611A /* MyTableViewController.swift */; };
		3D916AF7224CC4D900F2611A /* ID.swift in Sources */ = {isa = PBXBuildFile; fileRef = 3D916AF6224CC4D900F2611A /* ID.swift */; };
		3DAF85922270BC0100AB0462 /* AddToList_ViewController.swift in Sources */ = {isa = PBXBuildFile; fileRef = 3DAF85912270BC0100AB0462 /* AddToList_ViewController.swift */; };
		3DC367952269E36900633672 /* DetailViewController.swift in Sources */ = {isa = PBXBuildFile; fileRef = 3DC367942269E36900633672 /* DetailViewController.swift */; };
		3DC8D318224E051500C3170F /* IDListCell.swift in Sources */ = {isa = PBXBuildFile; fileRef = 3DC8D317224E051500C3170F /* IDListCell.swift */; };
		5AF5C0276CE4FD4FD851C302 /* Pods_MinZzeungEE.framework in Frameworks */ = {isa = PBXBuildFile; fileRef = 74D8E1470D23D1530320E1F8 /* Pods_MinZzeungEE.framework */; };
		8403088322B7C7D20092E7A3 /* Launch Screen.storyboard in Resources */ = {isa = PBXBuildFile; fileRef = 8403088222B7C7D20092E7A3 /* Launch Screen.storyboard */; };
		840EDB09229D5DBD00801B03 /* LockViewController.swift in Sources */ = {isa = PBXBuildFile; fileRef = 840EDB08229D5DBD00801B03 /* LockViewController.swift */; };
		8434EDE2228D873F00BD93BF /* ScaledElementProcessor.swift in Sources */ = {isa = PBXBuildFile; fileRef = 8434EDDD228D873E00BD93BF /* ScaledElementProcessor.swift */; };
		8434EDE3228D873F00BD93BF /* UIImage+Extension.swift in Sources */ = {isa = PBXBuildFile; fileRef = 8434EDDE228D873F00BD93BF /* UIImage+Extension.swift */; };
		84B6FD7D2293FA5800ECF2F0 /* AppDelegate.swift in Sources */ = {isa = PBXBuildFile; fileRef = 84B6FD7C2293FA5800ECF2F0 /* AppDelegate.swift */; };
		84CA6B2C229287F30023E5F1 /* GoogleService-Info.plist in Resources */ = {isa = PBXBuildFile; fileRef = 84CA6B2B229287F20023E5F1 /* GoogleService-Info.plist */; };
		84CA6B302292A02A0023E5F1 /* Assets.xcassets in Resources */ = {isa = PBXBuildFile; fileRef = 84CA6B2F2292A0290023E5F1 /* Assets.xcassets */; };
		D6094A9122B5302B008BAB2A /* StoreMapController.swift in Sources */ = {isa = PBXBuildFile; fileRef = D6094A9022B5302B008BAB2A /* StoreMapController.swift */; };
		D6665F4822B77F2000B3E89B /* StoreDetailViewController.swift in Sources */ = {isa = PBXBuildFile; fileRef = D6665F4722B77F2000B3E89B /* StoreDetailViewController.swift */; };
/* End PBXBuildFile section */

/* Begin PBXFileReference section */
		3D86BC5322841226006A6657 /* AddPhotoStoryboard.storyboard */ = {isa = PBXFileReference; lastKnownFileType = file.storyboard; path = AddPhotoStoryboard.storyboard; sourceTree = "<group>"; };
		3D86BC552284325F006A6657 /* Authenticate.storyboard */ = {isa = PBXFileReference; lastKnownFileType = file.storyboard; path = Authenticate.storyboard; sourceTree = "<group>"; };
		3D86BC5722843941006A6657 /* AuthenticationViewController.swift */ = {isa = PBXFileReference; lastKnownFileType = sourcecode.swift; path = AuthenticationViewController.swift; sourceTree = "<group>"; };
		3D90631822438152007ED6B7 /* MinZzeungEE.app */ = {isa = PBXFileReference; explicitFileType = wrapper.application; includeInIndex = 0; path = MinZzeungEE.app; sourceTree = BUILT_PRODUCTS_DIR; };
		3D90632022438152007ED6B7 /* Base */ = {isa = PBXFileReference; lastKnownFileType = file.storyboard; name = Base; path = Base.lproj/Main.storyboard; sourceTree = "<group>"; };
		3D90632522438153007ED6B7 /* Base */ = {isa = PBXFileReference; lastKnownFileType = file.storyboard; name = Base; path = Base.lproj/LaunchScreen.storyboard; sourceTree = "<group>"; };
		3D90632722438153007ED6B7 /* Info.plist */ = {isa = PBXFileReference; lastKnownFileType = text.plist.xml; path = Info.plist; sourceTree = "<group>"; };
		3D916AF2224CC3E100F2611A /* MyTableViewController.swift */ = {isa = PBXFileReference; lastKnownFileType = sourcecode.swift; path = MyTableViewController.swift; sourceTree = "<group>"; wrapsLines = 1; };
		3D916AF6224CC4D900F2611A /* ID.swift */ = {isa = PBXFileReference; lastKnownFileType = sourcecode.swift; path = ID.swift; sourceTree = "<group>"; };
		3DAF85912270BC0100AB0462 /* AddToList_ViewController.swift */ = {isa = PBXFileReference; lastKnownFileType = sourcecode.swift; path = AddToList_ViewController.swift; sourceTree = "<group>"; };
		3DC367942269E36900633672 /* DetailViewController.swift */ = {isa = PBXFileReference; lastKnownFileType = sourcecode.swift; path = DetailViewController.swift; sourceTree = "<group>"; };
		3DC8D317224E051500C3170F /* IDListCell.swift */ = {isa = PBXFileReference; lastKnownFileType = sourcecode.swift; path = IDListCell.swift; sourceTree = "<group>"; };
		67ED21462F1FF81CF6CA1849 /* Pods-MinZzeungEE.release.xcconfig */ = {isa = PBXFileReference; includeInIndex = 1; lastKnownFileType = text.xcconfig; name = "Pods-MinZzeungEE.release.xcconfig"; path = "Target Support Files/Pods-MinZzeungEE/Pods-MinZzeungEE.release.xcconfig"; sourceTree = "<group>"; };
		74D8E1470D23D1530320E1F8 /* Pods_MinZzeungEE.framework */ = {isa = PBXFileReference; explicitFileType = wrapper.framework; includeInIndex = 0; path = Pods_MinZzeungEE.framework; sourceTree = BUILT_PRODUCTS_DIR; };
		8403088222B7C7D20092E7A3 /* Launch Screen.storyboard */ = {isa = PBXFileReference; lastKnownFileType = file.storyboard; path = "Launch Screen.storyboard"; sourceTree = "<group>"; };
		840EDB08229D5DBD00801B03 /* LockViewController.swift */ = {isa = PBXFileReference; lastKnownFileType = sourcecode.swift; path = LockViewController.swift; sourceTree = "<group>"; };
		8434EDDD228D873E00BD93BF /* ScaledElementProcessor.swift */ = {isa = PBXFileReference; fileEncoding = 4; lastKnownFileType = sourcecode.swift; path = ScaledElementProcessor.swift; sourceTree = "<group>"; };
		8434EDDE228D873F00BD93BF /* UIImage+Extension.swift */ = {isa = PBXFileReference; fileEncoding = 4; lastKnownFileType = sourcecode.swift; path = "UIImage+Extension.swift"; sourceTree = "<group>"; };
		84B6FD7C2293FA5800ECF2F0 /* AppDelegate.swift */ = {isa = PBXFileReference; lastKnownFileType = sourcecode.swift; path = AppDelegate.swift; sourceTree = "<group>"; };
		84CA6B2B229287F20023E5F1 /* GoogleService-Info.plist */ = {isa = PBXFileReference; fileEncoding = 4; lastKnownFileType = text.plist.xml; path = "GoogleService-Info.plist"; sourceTree = "<group>"; };
		84CA6B2F2292A0290023E5F1 /* Assets.xcassets */ = {isa = PBXFileReference; lastKnownFileType = folder.assetcatalog; path = Assets.xcassets; sourceTree = "<group>"; };
		C6DCD77B53E2CB83EC384616 /* Pods-MinZzeungEE.debug.xcconfig */ = {isa = PBXFileReference; includeInIndex = 1; lastKnownFileType = text.xcconfig; name = "Pods-MinZzeungEE.debug.xcconfig"; path = "Target Support Files/Pods-MinZzeungEE/Pods-MinZzeungEE.debug.xcconfig"; sourceTree = "<group>"; };
		D6094A9022B5302B008BAB2A /* StoreMapController.swift */ = {isa = PBXFileReference; lastKnownFileType = sourcecode.swift; path = StoreMapController.swift; sourceTree = "<group>"; };
		D6665F4722B77F2000B3E89B /* StoreDetailViewController.swift */ = {isa = PBXFileReference; lastKnownFileType = sourcecode.swift; path = StoreDetailViewController.swift; sourceTree = "<group>"; };
/* End PBXFileReference section */

/* Begin PBXFrameworksBuildPhase section */
		3D90631522438152007ED6B7 /* Frameworks */ = {
			isa = PBXFrameworksBuildPhase;
			buildActionMask = 2147483647;
			files = (
				5AF5C0276CE4FD4FD851C302 /* Pods_MinZzeungEE.framework in Frameworks */,
			);
			runOnlyForDeploymentPostprocessing = 0;
		};
/* End PBXFrameworksBuildPhase section */

/* Begin PBXGroup section */
		3D90630F22438152007ED6B7 = {
			isa = PBXGroup;
			children = (
				3D90631A22438152007ED6B7 /* MinZzeungEE */,
				3D90631922438152007ED6B7 /* Products */,
				8C3FCCF50389BB2EB3F9EAB8 /* Pods */,
				54DF42F0FD368FA374449626 /* Frameworks */,
			);
			sourceTree = "<group>";
		};
		3D90631922438152007ED6B7 /* Products */ = {
			isa = PBXGroup;
			children = (
				3D90631822438152007ED6B7 /* MinZzeungEE.app */,
			);
			name = Products;
			sourceTree = "<group>";
		};
		3D90631A22438152007ED6B7 /* MinZzeungEE */ = {
			isa = PBXGroup;
			children = (
				3D86BC5722843941006A6657 /* AuthenticationViewController.swift */,
				84B6FD7C2293FA5800ECF2F0 /* AppDelegate.swift */,
				8434EDDD228D873E00BD93BF /* ScaledElementProcessor.swift */,
				8434EDDE228D873F00BD93BF /* UIImage+Extension.swift */,
				3D90631F22438152007ED6B7 /* Main.storyboard */,
				8403088222B7C7D20092E7A3 /* Launch Screen.storyboard */,
				84CA6B2B229287F20023E5F1 /* GoogleService-Info.plist */,
				84CA6B2F2292A0290023E5F1 /* Assets.xcassets */,
				3DAF85912270BC0100AB0462 /* AddToList_ViewController.swift */,
				840EDB08229D5DBD00801B03 /* LockViewController.swift */,
				3D86BC552284325F006A6657 /* Authenticate.storyboard */,
				3D90632422438153007ED6B7 /* LaunchScreen.storyboard */,
				3DC367942269E36900633672 /* DetailViewController.swift */,
				3D90632722438153007ED6B7 /* Info.plist */,
				3D916AF2224CC3E100F2611A /* MyTableViewController.swift */,
				3D916AF6224CC4D900F2611A /* ID.swift */,
				3DC8D317224E051500C3170F /* IDListCell.swift */,
				3D86BC5322841226006A6657 /* AddPhotoStoryboard.storyboard */,
				D6094A9022B5302B008BAB2A /* StoreMapController.swift */,
				D6665F4722B77F2000B3E89B /* StoreDetailViewController.swift */,
			);
			path = MinZzeungEE;
			sourceTree = "<group>";
		};
		54DF42F0FD368FA374449626 /* Frameworks */ = {
			isa = PBXGroup;
			children = (
				74D8E1470D23D1530320E1F8 /* Pods_MinZzeungEE.framework */,
			);
			name = Frameworks;
			sourceTree = "<group>";
		};
		8C3FCCF50389BB2EB3F9EAB8 /* Pods */ = {
			isa = PBXGroup;
			children = (
				C6DCD77B53E2CB83EC384616 /* Pods-MinZzeungEE.debug.xcconfig */,
				67ED21462F1FF81CF6CA1849 /* Pods-MinZzeungEE.release.xcconfig */,
			);
			path = Pods;
			sourceTree = "<group>";
		};
/* End PBXGroup section */

/* Begin PBXNativeTarget section */
		3D90631722438152007ED6B7 /* MinZzeungEE */ = {
			isa = PBXNativeTarget;
			buildConfigurationList = 3D90632A22438153007ED6B7 /* Build configuration list for PBXNativeTarget "MinZzeungEE" */;
			buildPhases = (
				D2C27E0A785F8E9E498A40D3 /* [CP] Check Pods Manifest.lock */,
				3D90631422438152007ED6B7 /* Sources */,
				3D90631522438152007ED6B7 /* Frameworks */,
				3D90631622438152007ED6B7 /* Resources */,
				43E54C92AA72581E1E0F9EC7 /* [CP] Embed Pods Frameworks */,
				176E895EE31F689199E5A9C1 /* [CP] Copy Pods Resources */,
			);
			buildRules = (
			);
			dependencies = (
			);
			name = MinZzeungEE;
			productName = MinZzeungEE;
			productReference = 3D90631822438152007ED6B7 /* MinZzeungEE.app */;
			productType = "com.apple.product-type.application";
		};
/* End PBXNativeTarget section */

/* Begin PBXProject section */
		3D90631022438152007ED6B7 /* Project object */ = {
			isa = PBXProject;
			attributes = {
				LastSwiftUpdateCheck = 1010;
				LastUpgradeCheck = 1010;
				ORGANIZATIONNAME = SungIn;
				TargetAttributes = {
					3D90631722438152007ED6B7 = {
						CreatedOnToolsVersion = 10.1;
						SystemCapabilities = {
							com.apple.BackgroundModes = {
								enabled = 0;
							};
						};
					};
				};
			};
			buildConfigurationList = 3D90631322438152007ED6B7 /* Build configuration list for PBXProject "MinZzeungEE" */;
			compatibilityVersion = "Xcode 9.3";
			developmentRegion = en;
			hasScannedForEncodings = 0;
			knownRegions = (
				en,
				Base,
			);
			mainGroup = 3D90630F22438152007ED6B7;
			productRefGroup = 3D90631922438152007ED6B7 /* Products */;
			projectDirPath = "";
			projectRoot = "";
			targets = (
				3D90631722438152007ED6B7 /* MinZzeungEE */,
			);
		};
/* End PBXProject section */

/* Begin PBXResourcesBuildPhase section */
		3D90631622438152007ED6B7 /* Resources */ = {
			isa = PBXResourcesBuildPhase;
			buildActionMask = 2147483647;
			files = (
				3D86BC5422841226006A6657 /* AddPhotoStoryboard.storyboard in Resources */,
				3D90632622438153007ED6B7 /* LaunchScreen.storyboard in Resources */,
				3D86BC562284325F006A6657 /* Authenticate.storyboard in Resources */,
				3D90632122438152007ED6B7 /* Main.storyboard in Resources */,
				84CA6B302292A02A0023E5F1 /* Assets.xcassets in Resources */,
				84CA6B2C229287F30023E5F1 /* GoogleService-Info.plist in Resources */,
				8403088322B7C7D20092E7A3 /* Launch Screen.storyboard in Resources */,
			);
			runOnlyForDeploymentPostprocessing = 0;
		};
/* End PBXResourcesBuildPhase section */

/* Begin PBXShellScriptBuildPhase section */
		176E895EE31F689199E5A9C1 /* [CP] Copy Pods Resources */ = {
			isa = PBXShellScriptBuildPhase;
			buildActionMask = 2147483647;
			files = (
			);
			inputFileListPaths = (
				"${PODS_ROOT}/Target Support Files/Pods-MinZzeungEE/Pods-MinZzeungEE-resources-${CONFIGURATION}-input-files.xcfilelist",
			);
			name = "[CP] Copy Pods Resources";
			outputFileListPaths = (
				"${PODS_ROOT}/Target Support Files/Pods-MinZzeungEE/Pods-MinZzeungEE-resources-${CONFIGURATION}-output-files.xcfilelist",
			);
			runOnlyForDeploymentPostprocessing = 0;
			shellPath = /bin/sh;
			shellScript = "\"${PODS_ROOT}/Target Support Files/Pods-MinZzeungEE/Pods-MinZzeungEE-resources.sh\"\n";
			showEnvVarsInLog = 0;
		};
		43E54C92AA72581E1E0F9EC7 /* [CP] Embed Pods Frameworks */ = {
			isa = PBXShellScriptBuildPhase;
			buildActionMask = 2147483647;
			files = (
			);
			inputFileListPaths = (
				"${PODS_ROOT}/Target Support Files/Pods-MinZzeungEE/Pods-MinZzeungEE-frameworks-${CONFIGURATION}-input-files.xcfilelist",
			);
			name = "[CP] Embed Pods Frameworks";
			outputFileListPaths = (
				"${PODS_ROOT}/Target Support Files/Pods-MinZzeungEE/Pods-MinZzeungEE-frameworks-${CONFIGURATION}-output-files.xcfilelist",
			);
			runOnlyForDeploymentPostprocessing = 0;
			shellPath = /bin/sh;
			shellScript = "\"${PODS_ROOT}/Target Support Files/Pods-MinZzeungEE/Pods-MinZzeungEE-frameworks.sh\"\n";
			showEnvVarsInLog = 0;
		};
		D2C27E0A785F8E9E498A40D3 /* [CP] Check Pods Manifest.lock */ = {
			isa = PBXShellScriptBuildPhase;
			buildActionMask = 2147483647;
			files = (
			);
			inputFileListPaths = (
			);
			inputPaths = (
				"${PODS_PODFILE_DIR_PATH}/Podfile.lock",
				"${PODS_ROOT}/Manifest.lock",
			);
			name = "[CP] Check Pods Manifest.lock";
			outputFileListPaths = (
			);
			outputPaths = (
				"$(DERIVED_FILE_DIR)/Pods-MinZzeungEE-checkManifestLockResult.txt",
			);
			runOnlyForDeploymentPostprocessing = 0;
			shellPath = /bin/sh;
			shellScript = "diff \"${PODS_PODFILE_DIR_PATH}/Podfile.lock\" \"${PODS_ROOT}/Manifest.lock\" > /dev/null\nif [ $? != 0 ] ; then\n    # print error to STDERR\n    echo \"error: The sandbox is not in sync with the Podfile.lock. Run 'pod install' or update your CocoaPods installation.\" >&2\n    exit 1\nfi\n# This output is used by Xcode 'outputs' to avoid re-running this script phase.\necho \"SUCCESS\" > \"${SCRIPT_OUTPUT_FILE_0}\"\n";
			showEnvVarsInLog = 0;
		};
/* End PBXShellScriptBuildPhase section */

/* Begin PBXSourcesBuildPhase section */
		3D90631422438152007ED6B7 /* Sources */ = {
			isa = PBXSourcesBuildPhase;
			buildActionMask = 2147483647;
			files = (
				84B6FD7D2293FA5800ECF2F0 /* AppDelegate.swift in Sources */,
				840EDB09229D5DBD00801B03 /* LockViewController.swift in Sources */,
				D6094A9122B5302B008BAB2A /* StoreMapController.swift in Sources */,
				3D916AF7224CC4D900F2611A /* ID.swift in Sources */,
				3D916AF3224CC3E100F2611A /* MyTableViewController.swift in Sources */,
				3DC367952269E36900633672 /* DetailViewController.swift in Sources */,
				3D86BC5822843941006A6657 /* AuthenticationViewController.swift in Sources */,
				3DC8D318224E051500C3170F /* IDListCell.swift in Sources */,
				8434EDE2228D873F00BD93BF /* ScaledElementProcessor.swift in Sources */,
				D6665F4822B77F2000B3E89B /* StoreDetailViewController.swift in Sources */,
				8434EDE3228D873F00BD93BF /* UIImage+Extension.swift in Sources */,
				3DAF85922270BC0100AB0462 /* AddToList_ViewController.swift in Sources */,
			);
			runOnlyForDeploymentPostprocessing = 0;
		};
/* End PBXSourcesBuildPhase section */

/* Begin PBXVariantGroup section */
		3D90631F22438152007ED6B7 /* Main.storyboard */ = {
			isa = PBXVariantGroup;
			children = (
				3D90632022438152007ED6B7 /* Base */,
			);
			name = Main.storyboard;
			sourceTree = "<group>";
		};
		3D90632422438153007ED6B7 /* LaunchScreen.storyboard */ = {
			isa = PBXVariantGroup;
			children = (
				3D90632522438153007ED6B7 /* Base */,
			);
			name = LaunchScreen.storyboard;
			sourceTree = "<group>";
		};
/* End PBXVariantGroup section */

/* Begin XCBuildConfiguration section */
		3D90632822438153007ED6B7 /* Debug */ = {
			isa = XCBuildConfiguration;
			buildSettings = {
				ALWAYS_SEARCH_USER_PATHS = NO;
				CLANG_ANALYZER_NONNULL = YES;
				CLANG_ANALYZER_NUMBER_OBJECT_CONVERSION = YES_AGGRESSIVE;
				CLANG_CXX_LANGUAGE_STANDARD = "gnu++14";
				CLANG_CXX_LIBRARY = "libc++";
				CLANG_ENABLE_MODULES = YES;
				CLANG_ENABLE_OBJC_ARC = YES;
				CLANG_ENABLE_OBJC_WEAK = YES;
				CLANG_WARN_BLOCK_CAPTURE_AUTORELEASING = YES;
				CLANG_WARN_BOOL_CONVERSION = YES;
				CLANG_WARN_COMMA = YES;
				CLANG_WARN_CONSTANT_CONVERSION = YES;
				CLANG_WARN_DEPRECATED_OBJC_IMPLEMENTATIONS = YES;
				CLANG_WARN_DIRECT_OBJC_ISA_USAGE = YES_ERROR;
				CLANG_WARN_DOCUMENTATION_COMMENTS = YES;
				CLANG_WARN_EMPTY_BODY = YES;
				CLANG_WARN_ENUM_CONVERSION = YES;
				CLANG_WARN_INFINITE_RECURSION = YES;
				CLANG_WARN_INT_CONVERSION = YES;
				CLANG_WARN_NON_LITERAL_NULL_CONVERSION = YES;
				CLANG_WARN_OBJC_IMPLICIT_RETAIN_SELF = YES;
				CLANG_WARN_OBJC_LITERAL_CONVERSION = YES;
				CLANG_WARN_OBJC_ROOT_CLASS = YES_ERROR;
				CLANG_WARN_RANGE_LOOP_ANALYSIS = YES;
				CLANG_WARN_STRICT_PROTOTYPES = YES;
				CLANG_WARN_SUSPICIOUS_MOVE = YES;
				CLANG_WARN_UNGUARDED_AVAILABILITY = YES_AGGRESSIVE;
				CLANG_WARN_UNREACHABLE_CODE = YES;
				CLANG_WARN__DUPLICATE_METHOD_MATCH = YES;
				CODE_SIGN_IDENTITY = "iPhone Developer";
				COPY_PHASE_STRIP = NO;
				DEBUG_INFORMATION_FORMAT = dwarf;
				ENABLE_STRICT_OBJC_MSGSEND = YES;
				ENABLE_TESTABILITY = YES;
				GCC_C_LANGUAGE_STANDARD = gnu11;
				GCC_DYNAMIC_NO_PIC = NO;
				GCC_NO_COMMON_BLOCKS = YES;
				GCC_OPTIMIZATION_LEVEL = 0;
				GCC_PREPROCESSOR_DEFINITIONS = (
					"DEBUG=1",
					"$(inherited)",
				);
				GCC_WARN_64_TO_32_BIT_CONVERSION = YES;
				GCC_WARN_ABOUT_RETURN_TYPE = YES_ERROR;
				GCC_WARN_UNDECLARED_SELECTOR = YES;
				GCC_WARN_UNINITIALIZED_AUTOS = YES_AGGRESSIVE;
				GCC_WARN_UNUSED_FUNCTION = YES;
				GCC_WARN_UNUSED_VARIABLE = YES;
				IPHONEOS_DEPLOYMENT_TARGET = 12.1;
				MTL_ENABLE_DEBUG_INFO = INCLUDE_SOURCE;
				MTL_FAST_MATH = YES;
				ONLY_ACTIVE_ARCH = YES;
				SDKROOT = iphoneos;
				SWIFT_ACTIVE_COMPILATION_CONDITIONS = DEBUG;
				SWIFT_OPTIMIZATION_LEVEL = "-Onone";
			};
			name = Debug;
		};
		3D90632922438153007ED6B7 /* Release */ = {
			isa = XCBuildConfiguration;
			buildSettings = {
				ALWAYS_SEARCH_USER_PATHS = NO;
				CLANG_ANALYZER_NONNULL = YES;
				CLANG_ANALYZER_NUMBER_OBJECT_CONVERSION = YES_AGGRESSIVE;
				CLANG_CXX_LANGUAGE_STANDARD = "gnu++14";
				CLANG_CXX_LIBRARY = "libc++";
				CLANG_ENABLE_MODULES = YES;
				CLANG_ENABLE_OBJC_ARC = YES;
				CLANG_ENABLE_OBJC_WEAK = YES;
				CLANG_WARN_BLOCK_CAPTURE_AUTORELEASING = YES;
				CLANG_WARN_BOOL_CONVERSION = YES;
				CLANG_WARN_COMMA = YES;
				CLANG_WARN_CONSTANT_CONVERSION = YES;
				CLANG_WARN_DEPRECATED_OBJC_IMPLEMENTATIONS = YES;
				CLANG_WARN_DIRECT_OBJC_ISA_USAGE = YES_ERROR;
				CLANG_WARN_DOCUMENTATION_COMMENTS = YES;
				CLANG_WARN_EMPTY_BODY = YES;
				CLANG_WARN_ENUM_CONVERSION = YES;
				CLANG_WARN_INFINITE_RECURSION = YES;
				CLANG_WARN_INT_CONVERSION = YES;
				CLANG_WARN_NON_LITERAL_NULL_CONVERSION = YES;
				CLANG_WARN_OBJC_IMPLICIT_RETAIN_SELF = YES;
				CLANG_WARN_OBJC_LITERAL_CONVERSION = YES;
				CLANG_WARN_OBJC_ROOT_CLASS = YES_ERROR;
				CLANG_WARN_RANGE_LOOP_ANALYSIS = YES;
				CLANG_WARN_STRICT_PROTOTYPES = YES;
				CLANG_WARN_SUSPICIOUS_MOVE = YES;
				CLANG_WARN_UNGUARDED_AVAILABILITY = YES_AGGRESSIVE;
				CLANG_WARN_UNREACHABLE_CODE = YES;
				CLANG_WARN__DUPLICATE_METHOD_MATCH = YES;
				CODE_SIGN_IDENTITY = "iPhone Developer";
				COPY_PHASE_STRIP = NO;
				DEBUG_INFORMATION_FORMAT = "dwarf-with-dsym";
				ENABLE_NS_ASSERTIONS = NO;
				ENABLE_STRICT_OBJC_MSGSEND = YES;
				GCC_C_LANGUAGE_STANDARD = gnu11;
				GCC_NO_COMMON_BLOCKS = YES;
				GCC_WARN_64_TO_32_BIT_CONVERSION = YES;
				GCC_WARN_ABOUT_RETURN_TYPE = YES_ERROR;
				GCC_WARN_UNDECLARED_SELECTOR = YES;
				GCC_WARN_UNINITIALIZED_AUTOS = YES_AGGRESSIVE;
				GCC_WARN_UNUSED_FUNCTION = YES;
				GCC_WARN_UNUSED_VARIABLE = YES;
				IPHONEOS_DEPLOYMENT_TARGET = 12.1;
				MTL_ENABLE_DEBUG_INFO = NO;
				MTL_FAST_MATH = YES;
				SDKROOT = iphoneos;
				SWIFT_COMPILATION_MODE = wholemodule;
				SWIFT_OPTIMIZATION_LEVEL = "-O";
				VALIDATE_PRODUCT = YES;
			};
			name = Release;
		};
		3D90632B22438153007ED6B7 /* Debug */ = {
			isa = XCBuildConfiguration;
			baseConfigurationReference = C6DCD77B53E2CB83EC384616 /* Pods-MinZzeungEE.debug.xcconfig */;
			buildSettings = {
				ASSETCATALOG_COMPILER_APPICON_NAME = AppIcon;
				CODE_SIGN_IDENTITY = "iPhone Developer";
				CODE_SIGN_STYLE = Automatic;
				DEVELOPMENT_TEAM = "";
				INFOPLIST_FILE = MinZzeungEE/Info.plist;
				LD_RUNPATH_SEARCH_PATHS = (
					"$(inherited)",
					"@executable_path/Frameworks",
				);
				PRODUCT_BUNDLE_IDENTIFIER = com.company.MinZzeungE;
				PRODUCT_NAME = "$(TARGET_NAME)";
				PROVISIONING_PROFILE_SPECIFIER = "";
				SWIFT_VERSION = 4.2;
				TARGETED_DEVICE_FAMILY = "1,2";
			};
			name = Debug;
		};
		3D90632C22438153007ED6B7 /* Release */ = {
			isa = XCBuildConfiguration;
			baseConfigurationReference = 67ED21462F1FF81CF6CA1849 /* Pods-MinZzeungEE.release.xcconfig */;
			buildSettings = {
				ASSETCATALOG_COMPILER_APPICON_NAME = AppIcon;
				CODE_SIGN_IDENTITY = "iPhone Developer";
				CODE_SIGN_STYLE = Automatic;
				DEVELOPMENT_TEAM = "";
				INFOPLIST_FILE = MinZzeungEE/Info.plist;
				LD_RUNPATH_SEARCH_PATHS = (
					"$(inherited)",
					"@executable_path/Frameworks",
				);
				PRODUCT_BUNDLE_IDENTIFIER = com.company.MinZzeungE;
				PRODUCT_NAME = "$(TARGET_NAME)";
				PROVISIONING_PROFILE_SPECIFIER = "";
				SWIFT_VERSION = 4.2;
				TARGETED_DEVICE_FAMILY = "1,2";
			};
			name = Release;
		};
/* End XCBuildConfiguration section */

/* Begin XCConfigurationList section */
		3D90631322438152007ED6B7 /* Build configuration list for PBXProject "MinZzeungEE" */ = {
			isa = XCConfigurationList;
			buildConfigurations = (
				3D90632822438153007ED6B7 /* Debug */,
				3D90632922438153007ED6B7 /* Release */,
			);
			defaultConfigurationIsVisible = 0;
			defaultConfigurationName = Release;
		};
		3D90632A22438153007ED6B7 /* Build configuration list for PBXNativeTarget "MinZzeungEE" */ = {
			isa = XCConfigurationList;
			buildConfigurations = (
				3D90632B22438153007ED6B7 /* Debug */,
				3D90632C22438153007ED6B7 /* Release */,
			);
			defaultConfigurationIsVisible = 0;
			defaultConfigurationName = Release;
		};
/* End XCConfigurationList section */
	};
	rootObject = 3D90631022438152007ED6B7 /* Project object */;
}
